
Microsoft Visual Studio Solution File, Format Version 12.00
# Visual Studio Version 16
VisualStudioVersion = 16.0.34407.143
MinimumVisualStudioVersion = 10.0.40219.1
Project("{9A19103F-16F7-4668-BE54-9A1E7A4F7556}") = "ch01. HellowWPF", "..\ch01. HellowWPF\ch01. HellowWPF.csproj", "{62CD5561-0D05-4C09-94B0-A5683CC564DF}"
EndProject
Project("{9A19103F-16F7-4668-BE54-9A1E7A4F7556}") = "ch02. Lable", "..\ch02. Lable\ch02. Lable.csproj", "{E543A4F7-2414-46AE-BD2D-728E77A1472E}"
EndProject
Project("{9A19103F-16F7-4668-BE54-9A1E7A4F7556}") = "ch03. TextBlock", "..\ch03. TextBlock\ch03. TextBlock.csproj", "{77058A1F-F372-4DBA-AD3D-B146467BD195}"
EndProject
Project("{9A19103F-16F7-4668-BE54-9A1E7A4F7556}") = "ch04. button", "..\ch04. button\ch04. button.csproj", "{DC27EAA8-AD02-42A2-90D8-64671D4482F4}"
EndProject
Global
	GlobalSection(SolutionConfigurationPlatforms) = preSolution
		Debug|Any CPU = Debug|Any CPU
		Release|Any CPU = Release|Any CPU
	EndGlobalSection
	GlobalSection(ProjectConfigurationPlatforms) = postSolution
		{62CD5561-0D05-4C09-94B0-A5683CC564DF}.Debug|Any CPU.ActiveCfg = Debug|Any CPU
		{62CD5561-0D05-4C09-94B0-A5683CC564DF}.Debug|Any CPU.Build.0 = Debug|Any CPU
		{62CD5561-0D05-4C09-94B0-A5683CC564DF}.Release|Any CPU.ActiveCfg = Release|Any CPU
		{62CD5561-0D05-4C09-94B0-A5683CC564DF}.Release|Any CPU.Build.0 = Release|Any CPU
		{E543A4F7-2414-46AE-BD2D-728E77A1472E}.Debug|Any CPU.ActiveCfg = Debug|Any CPU
		{E543A4F7-2414-46AE-BD2D-728E77A1472E}.Debug|Any CPU.Build.0 = Debug|Any CPU
		{E543A4F7-2414-46AE-BD2D-728E77A1472E}.Release|Any CPU.ActiveCfg = Release|Any CPU
		{E543A4F7-2414-46AE-BD2D-728E77A1472E}.Release|Any CPU.Build.0 = Release|Any CPU
		{77058A1F-F372-4DBA-AD3D-B146467BD195}.Debug|Any CPU.ActiveCfg = Debug|Any CPU
		{77058A1F-F372-4DBA-AD3D-B146467BD195}.Debug|Any CPU.Build.0 = Debug|Any CPU
		{77058A1F-F372-4DBA-AD3D-B146467BD195}.Release|Any CPU.ActiveCfg = Release|Any CPU
		{77058A1F-F372-4DBA-AD3D-B146467BD195}.Release|Any CPU.Build.0 = Release|Any CPU
		{DC27EAA8-AD02-42A2-90D8-64671D4482F4}.Debug|Any CPU.ActiveCfg = Debug|Any CPU
		{DC27EAA8-AD02-42A2-90D8-64671D4482F4}.Debug|Any CPU.Build.0 = Debug|Any CPU
		{DC27EAA8-AD02-42A2-90D8-64671D4482F4}.Release|Any CPU.ActiveCfg = Release|Any CPU
		{DC27EAA8-AD02-42A2-90D8-64671D4482F4}.Release|Any CPU.Build.0 = Release|Any CPU
	EndGlobalSection
	GlobalSection(SolutionProperties) = preSolution
		HideSolutionNode = FALSE
	EndGlobalSection
	GlobalSection(ExtensibilityGlobals) = postSolution
		SolutionGuid = {471DFA08-5D24-41D7-806E-10AB82B78A7E}
	EndGlobalSection
EndGlobal
